
Microsoft Visual Studio Solution File, Format Version 11.00
# Visual Studio 2010
Project("{FAE04EC0-301F-11D3-BF4B-00C04F79EFBC}") = "UnityEngine.UI", "UnityEngine.UI.csproj", "{5b3611f0-913b-6c21-3419-6321cf1138d7}"
EndProject
Project("{FAE04EC0-301F-11D3-BF4B-00C04F79EFBC}") = "Assembly-CSharp", "Assembly-CSharp.csproj", "{538b58e3-a1e7-bd90-d408-73d2e6cb0662}"
EndProject
Project("{FAE04EC0-301F-11D3-BF4B-00C04F79EFBC}") = "Unity.2D.Sprite.Editor", "Unity.2D.Sprite.Editor.csproj", "{274eafb6-7b88-2986-fa2a-a30e3f8b4f76}"
EndProject
Project("{FAE04EC0-301F-11D3-BF4B-00C04F79EFBC}") = "UnityEditor.UI", "UnityEditor.UI.csproj", "{9a94b0e7-9b35-47b9-c801-d756b12eb528}"
EndProject
Project("{FAE04EC0-301F-11D3-BF4B-00C04F79EFBC}") = "Unity.2D.Tilemap.Editor", "Unity.2D.Tilemap.Editor.csproj", "{1aeaa64f-1906-824c-7f7e-98f8b02c3c19}"
EndProject
Global
	GlobalSection(SolutionConfigurationPlatforms) = preSolution
		Debug|Any CPU = Debug|Any CPU
	EndGlobalSection
	GlobalSection(ProjectConfigurationPlatforms) = postSolution
		{5b3611f0-913b-6c21-3419-6321cf1138d7}.Debug|Any CPU.ActiveCfg = Debug|Any CPU
		{5b3611f0-913b-6c21-3419-6321cf1138d7}.Debug|Any CPU.Build.0 = Debug|Any CPU
		{538b58e3-a1e7-bd90-d408-73d2e6cb0662}.Debug|Any CPU.ActiveCfg = Debug|Any CPU
		{538b58e3-a1e7-bd90-d408-73d2e6cb0662}.Debug|Any CPU.Build.0 = Debug|Any CPU
		{274eafb6-7b88-2986-fa2a-a30e3f8b4f76}.Debug|Any CPU.ActiveCfg = Debug|Any CPU
		{274eafb6-7b88-2986-fa2a-a30e3f8b4f76}.Debug|Any CPU.Build.0 = Debug|Any CPU
		{9a94b0e7-9b35-47b9-c801-d756b12eb528}.Debug|Any CPU.ActiveCfg = Debug|Any CPU
		{9a94b0e7-9b35-47b9-c801-d756b12eb528}.Debug|Any CPU.Build.0 = Debug|Any CPU
		{1aeaa64f-1906-824c-7f7e-98f8b02c3c19}.Debug|Any CPU.ActiveCfg = Debug|Any CPU
		{1aeaa64f-1906-824c-7f7e-98f8b02c3c19}.Debug|Any CPU.Build.0 = Debug|Any CPU
	EndGlobalSection
	GlobalSection(SolutionProperties) = preSolution
		HideSolutionNode = FALSE
	EndGlobalSection
EndGlobal
